// !$*UTF8*$!
{
	archiveVersion = 1;
	classes = {
	};
	objectVersion = 51;
	objects = {

/* Begin PBXBuildFile section */
		45C5D72B36D834F7402E01B7 /* Pods_BuffelistTests.framework in Frameworks */ = {isa = PBXBuildFile; fileRef = 4056A4B9AEEECE0B53783083 /* Pods_BuffelistTests.framework */; };
		4C033A7B251F283200256C71 /* PopupViewController.swift in Sources */ = {isa = PBXBuildFile; fileRef = 4C033A7A251F283200256C71 /* PopupViewController.swift */; };
		4C033A89251F285400256C71 /* PopupView.swift in Sources */ = {isa = PBXBuildFile; fileRef = 4C033A88251F285400256C71 /* PopupView.swift */; };
		4C033A8E251F286400256C71 /* PopupView.xib in Resources */ = {isa = PBXBuildFile; fileRef = 4C033A8D251F286400256C71 /* PopupView.xib */; };
		4C033A93251F5B1C00256C71 /* LoginLocalDataManager.swift in Sources */ = {isa = PBXBuildFile; fileRef = 4C033A92251F5B1C00256C71 /* LoginLocalDataManager.swift */; };
		4C033A98251F6BCD00256C71 /* AlertContentConfig.swift in Sources */ = {isa = PBXBuildFile; fileRef = 4C033A97251F6BCD00256C71 /* AlertContentConfig.swift */; };
		4C06D098251BBD110037BE85 /* HomeViewController.swift in Sources */ = {isa = PBXBuildFile; fileRef = 4C06D097251BBD110037BE85 /* HomeViewController.swift */; };
		4C06D0A0251BBD1C0037BE85 /* HomeView.swift in Sources */ = {isa = PBXBuildFile; fileRef = 4C06D09F251BBD1C0037BE85 /* HomeView.swift */; };
		4C06D0A5251BBD250037BE85 /* HomeView.xib in Resources */ = {isa = PBXBuildFile; fileRef = 4C06D0A4251BBD250037BE85 /* HomeView.xib */; };
		4C06D0AD251BC2150037BE85 /* HomeModuleInterface.swift in Sources */ = {isa = PBXBuildFile; fileRef = 4C06D0AC251BC2150037BE85 /* HomeModuleInterface.swift */; };
		4C06D0B2251BC3FC0037BE85 /* HomePresenter.swift in Sources */ = {isa = PBXBuildFile; fileRef = 4C06D0B1251BC3FC0037BE85 /* HomePresenter.swift */; };
		4C06D0B7251BC7A00037BE85 /* HomeWireFrame.swift in Sources */ = {isa = PBXBuildFile; fileRef = 4C06D0B6251BC7A00037BE85 /* HomeWireFrame.swift */; };
		4C06D0BC251BC8740037BE85 /* HomeModuleBuilder.swift in Sources */ = {isa = PBXBuildFile; fileRef = 4C06D0BB251BC8740037BE85 /* HomeModuleBuilder.swift */; };
		4C06D0C1251BC8A60037BE85 /* HomeInteractor.swift in Sources */ = {isa = PBXBuildFile; fileRef = 4C06D0C0251BC8A60037BE85 /* HomeInteractor.swift */; };
		4C06D0C8251BC9C10037BE85 /* HomeAPIDataManager.swift in Sources */ = {isa = PBXBuildFile; fileRef = 4C06D0C7251BC9C10037BE85 /* HomeAPIDataManager.swift */; };
		4C08F0F2251A60600058485E /* AppDelegate.swift in Sources */ = {isa = PBXBuildFile; fileRef = 4C08F0F1251A60600058485E /* AppDelegate.swift */; };
		4C08F0F4251A60600058485E /* SceneDelegate.swift in Sources */ = {isa = PBXBuildFile; fileRef = 4C08F0F3251A60600058485E /* SceneDelegate.swift */; };
		4C08F0FB251A60610058485E /* Assets.xcassets in Resources */ = {isa = PBXBuildFile; fileRef = 4C08F0FA251A60610058485E /* Assets.xcassets */; };
		4C08F0FE251A60610058485E /* LaunchScreen.storyboard in Resources */ = {isa = PBXBuildFile; fileRef = 4C08F0FC251A60610058485E /* LaunchScreen.storyboard */; };
		4C08F109251A60610058485E /* BuffelistTests.swift in Sources */ = {isa = PBXBuildFile; fileRef = 4C08F108251A60610058485E /* BuffelistTests.swift */; };
		4C08F114251A60610058485E /* BuffelistUITests.swift in Sources */ = {isa = PBXBuildFile; fileRef = 4C08F113251A60610058485E /* BuffelistUITests.swift */; };
		4C08F142251A644D0058485E /* LoginViewController.swift in Sources */ = {isa = PBXBuildFile; fileRef = 4C08F141251A644D0058485E /* LoginViewController.swift */; };
		4C08F14A251A645B0058485E /* LoginView.xib in Resources */ = {isa = PBXBuildFile; fileRef = 4C08F149251A645B0058485E /* LoginView.xib */; };
		4C08F14F251A646D0058485E /* LoginView.swift in Sources */ = {isa = PBXBuildFile; fileRef = 4C08F14E251A646D0058485E /* LoginView.swift */; };
		4C23C57F252C54ED0014159E /* CreateContentResponse.swift in Sources */ = {isa = PBXBuildFile; fileRef = 4C23C57E252C54ED0014159E /* CreateContentResponse.swift */; };
		4C23C58A252C67A00014159E /* GetInfoFromUrlResponse.swift in Sources */ = {isa = PBXBuildFile; fileRef = 4C23C589252C67A00014159E /* GetInfoFromUrlResponse.swift */; };
		4C38FDF2252A61C300D41CFC /* GetContentListResponse.swift in Sources */ = {isa = PBXBuildFile; fileRef = 4C38FDF1252A61C300D41CFC /* GetContentListResponse.swift */; };
		4C38FDF8252A632100D41CFC /* TopicListService.swift in Sources */ = {isa = PBXBuildFile; fileRef = 4C38FDF7252A632100D41CFC /* TopicListService.swift */; };
		4C38FE00252A64CD00D41CFC /* ContentModel.swift in Sources */ = {isa = PBXBuildFile; fileRef = 4C38FDFF252A64CD00D41CFC /* ContentModel.swift */; };
		4C44AFFE25263E23005C7DCF /* BuffelistButton.swift in Sources */ = {isa = PBXBuildFile; fileRef = 4C44AFFD25263E23005C7DCF /* BuffelistButton.swift */; };
		4C44B00425263EE1005C7DCF /* UIViewExtension.swift in Sources */ = {isa = PBXBuildFile; fileRef = 4C44B00325263EE1005C7DCF /* UIViewExtension.swift */; };
		4C44B00C25264342005C7DCF /* KeyboardHandler.swift in Sources */ = {isa = PBXBuildFile; fileRef = 4C44B00B25264342005C7DCF /* KeyboardHandler.swift */; };
		4C46164E252B961D00CBCEF7 /* ContentTableViewCell.swift in Sources */ = {isa = PBXBuildFile; fileRef = 4C46164D252B961D00CBCEF7 /* ContentTableViewCell.swift */; };
		4C461656252B962B00CBCEF7 /* ContentTableViewCell.xib in Resources */ = {isa = PBXBuildFile; fileRef = 4C461655252B962B00CBCEF7 /* ContentTableViewCell.xib */; };
		4C4908832520A0FE00EFBAC7 /* RegisterView.swift in Sources */ = {isa = PBXBuildFile; fileRef = 4C4908822520A0FE00EFBAC7 /* RegisterView.swift */; };
		4C4908882520A10900EFBAC7 /* RegisterView.xib in Resources */ = {isa = PBXBuildFile; fileRef = 4C4908872520A10900EFBAC7 /* RegisterView.xib */; };
		4C49088D2520A11F00EFBAC7 /* RegisterViewController.swift in Sources */ = {isa = PBXBuildFile; fileRef = 4C49088C2520A11F00EFBAC7 /* RegisterViewController.swift */; };
		4C4908952520A6D700EFBAC7 /* RegisterModuleInterface.swift in Sources */ = {isa = PBXBuildFile; fileRef = 4C4908942520A6D700EFBAC7 /* RegisterModuleInterface.swift */; };
		4C687A0125224F130018C799 /* RealmService.swift in Sources */ = {isa = PBXBuildFile; fileRef = 4C687A0025224F130018C799 /* RealmService.swift */; };
		4C687A0825224F700018C799 /* UserProvider.swift in Sources */ = {isa = PBXBuildFile; fileRef = 4C687A0725224F700018C799 /* UserProvider.swift */; };
		4C687A0E252258A80018C799 /* UserModel.swift in Sources */ = {isa = PBXBuildFile; fileRef = 4C687A0D252258A80018C799 /* UserModel.swift */; };
		4C687A22252398C00018C799 /* UserItem.swift in Sources */ = {isa = PBXBuildFile; fileRef = 4C687A21252398C00018C799 /* UserItem.swift */; };
		4C687A2A25239E910018C799 /* RealmObjectAdapter.swift in Sources */ = {isa = PBXBuildFile; fileRef = 4C687A2925239E910018C799 /* RealmObjectAdapter.swift */; };
		4C6D38F22528B427004C29A2 /* TopicListModuleBuilder.swift in Sources */ = {isa = PBXBuildFile; fileRef = 4C6D38F12528B427004C29A2 /* TopicListModuleBuilder.swift */; };
		4C6D38FB2528B43F004C29A2 /* TopicListModuleInterface.swift in Sources */ = {isa = PBXBuildFile; fileRef = 4C6D38FA2528B43F004C29A2 /* TopicListModuleInterface.swift */; };
		4C6D39002528B4A8004C29A2 /* TopicListViewController.swift in Sources */ = {isa = PBXBuildFile; fileRef = 4C6D38FF2528B4A8004C29A2 /* TopicListViewController.swift */; };
		4C6D39052528B4BB004C29A2 /* TopicListView.swift in Sources */ = {isa = PBXBuildFile; fileRef = 4C6D39042528B4BB004C29A2 /* TopicListView.swift */; };
		4C6D390A2528B4D0004C29A2 /* TopicListView.xib in Resources */ = {isa = PBXBuildFile; fileRef = 4C6D39092528B4D0004C29A2 /* TopicListView.xib */; };
		4C6D39152528C6FC004C29A2 /* TopicListPresenter.swift in Sources */ = {isa = PBXBuildFile; fileRef = 4C6D39142528C6FC004C29A2 /* TopicListPresenter.swift */; };
		4C6D391A2528C707004C29A2 /* TopicListInteractor.swift in Sources */ = {isa = PBXBuildFile; fileRef = 4C6D39192528C707004C29A2 /* TopicListInteractor.swift */; };
		4C6D391F2528C714004C29A2 /* TopicListWireFrame.swift in Sources */ = {isa = PBXBuildFile; fileRef = 4C6D391E2528C714004C29A2 /* TopicListWireFrame.swift */; };
		4C6D392A2528C7BC004C29A2 /* TopicListAPIDataManager.swift in Sources */ = {isa = PBXBuildFile; fileRef = 4C6D39292528C7BC004C29A2 /* TopicListAPIDataManager.swift */; };
		4C6D39332528DD6D004C29A2 /* ContentCollectionViewCell.swift in Sources */ = {isa = PBXBuildFile; fileRef = 4C6D39322528DD6D004C29A2 /* ContentCollectionViewCell.swift */; };
		4C6D393B2528DDA5004C29A2 /* ContentCollectionViewCell.xib in Resources */ = {isa = PBXBuildFile; fileRef = 4C6D393A2528DDA5004C29A2 /* ContentCollectionViewCell.xib */; };
		4C81475D251D0238006CE13D /* LoginModuleInterface.swift in Sources */ = {isa = PBXBuildFile; fileRef = 4C81475C251D0238006CE13D /* LoginModuleInterface.swift */; };
		4C814762251D0387006CE13D /* LoginPresenter.swift in Sources */ = {isa = PBXBuildFile; fileRef = 4C814761251D0387006CE13D /* LoginPresenter.swift */; };
		4C814767251D0402006CE13D /* LoginInteractor.swift in Sources */ = {isa = PBXBuildFile; fileRef = 4C814766251D0402006CE13D /* LoginInteractor.swift */; };
		4C81476C251D052A006CE13D /* LoginWireFrame.swift in Sources */ = {isa = PBXBuildFile; fileRef = 4C81476B251D052A006CE13D /* LoginWireFrame.swift */; };
		4C814772251D05CB006CE13D /* LoginModuleBuilder.swift in Sources */ = {isa = PBXBuildFile; fileRef = 4C814771251D05CB006CE13D /* LoginModuleBuilder.swift */; };
		4C814784251D0914006CE13D /* LoginAPIDataManager.swift in Sources */ = {isa = PBXBuildFile; fileRef = 4C814783251D0914006CE13D /* LoginAPIDataManager.swift */; };
		4C81478C251D0BBF006CE13D /* LoginService.swift in Sources */ = {isa = PBXBuildFile; fileRef = 4C81478B251D0BBF006CE13D /* LoginService.swift */; };
		4C814795251D0CB0006CE13D /* LoginResponse.swift in Sources */ = {isa = PBXBuildFile; fileRef = 4C814794251D0CB0006CE13D /* LoginResponse.swift */; };
		4C8147A1251D0F63006CE13D /* GetResetLinkResponse.swift in Sources */ = {isa = PBXBuildFile; fileRef = 4C8147A0251D0F63006CE13D /* GetResetLinkResponse.swift */; };
		4CDB4A372520EFF800BB48C7 /* RegisterPresenter.swift in Sources */ = {isa = PBXBuildFile; fileRef = 4CDB4A362520EFF800BB48C7 /* RegisterPresenter.swift */; };
		4CDB4A3C2520F11F00BB48C7 /* RegisterInteractor.swift in Sources */ = {isa = PBXBuildFile; fileRef = 4CDB4A3B2520F11F00BB48C7 /* RegisterInteractor.swift */; };
		4CDB4A412520F51000BB48C7 /* RegisterWireFrame.swift in Sources */ = {isa = PBXBuildFile; fileRef = 4CDB4A402520F51000BB48C7 /* RegisterWireFrame.swift */; };
		4CDB4A482520F56600BB48C7 /* RegisterAPIDataManager.swift in Sources */ = {isa = PBXBuildFile; fileRef = 4CDB4A472520F56600BB48C7 /* RegisterAPIDataManager.swift */; };
		4CDB4A4D2520F74C00BB48C7 /* RegisterService.swift in Sources */ = {isa = PBXBuildFile; fileRef = 4CDB4A4C2520F74C00BB48C7 /* RegisterService.swift */; };
		4CDB4A572521010900BB48C7 /* RegisterModuleBuilder.swift in Sources */ = {isa = PBXBuildFile; fileRef = 4CDB4A562521010900BB48C7 /* RegisterModuleBuilder.swift */; };
		4CE508D6252F03BF00F2A7C5 /* SearchUserResponse.swift in Sources */ = {isa = PBXBuildFile; fileRef = 4CE508D5252F03BF00F2A7C5 /* SearchUserResponse.swift */; };
		B610C78980F12B2985AFB6A1 /* Pods_Buffelist.framework in Frameworks */ = {isa = PBXBuildFile; fileRef = C83D2B27A27954CFF3908125 /* Pods_Buffelist.framework */; };
		E357AE085B598193BB083B8C /* Pods_Buffelist_BuffelistUITests.framework in Frameworks */ = {isa = PBXBuildFile; fileRef = 910FD29A215DAA9C8BC1901B /* Pods_Buffelist_BuffelistUITests.framework */; };
/* End PBXBuildFile section */

/* Begin PBXContainerItemProxy section */
		4C08F105251A60610058485E /* PBXContainerItemProxy */ = {
			isa = PBXContainerItemProxy;
			containerPortal = 4C08F0E6251A60600058485E /* Project object */;
			proxyType = 1;
			remoteGlobalIDString = 4C08F0ED251A60600058485E;
			remoteInfo = Buffelist;
		};
		4C08F110251A60610058485E /* PBXContainerItemProxy */ = {
			isa = PBXContainerItemProxy;
			containerPortal = 4C08F0E6251A60600058485E /* Project object */;
			proxyType = 1;
			remoteGlobalIDString = 4C08F0ED251A60600058485E;
			remoteInfo = Buffelist;
		};
/* End PBXContainerItemProxy section */

/* Begin PBXFileReference section */
		20C09D58CAE690595638730A /* Pods-Buffelist.release.xcconfig */ = {isa = PBXFileReference; includeInIndex = 1; lastKnownFileType = text.xcconfig; name = "Pods-Buffelist.release.xcconfig"; path = "Target Support Files/Pods-Buffelist/Pods-Buffelist.release.xcconfig"; sourceTree = "<group>"; };
		4056A4B9AEEECE0B53783083 /* Pods_BuffelistTests.framework */ = {isa = PBXFileReference; explicitFileType = wrapper.framework; includeInIndex = 0; path = Pods_BuffelistTests.framework; sourceTree = BUILT_PRODUCTS_DIR; };
		4C033A7A251F283200256C71 /* PopupViewController.swift */ = {isa = PBXFileReference; lastKnownFileType = sourcecode.swift; path = PopupViewController.swift; sourceTree = "<group>"; };
		4C033A88251F285400256C71 /* PopupView.swift */ = {isa = PBXFileReference; lastKnownFileType = sourcecode.swift; path = PopupView.swift; sourceTree = "<group>"; };
		4C033A8D251F286400256C71 /* PopupView.xib */ = {isa = PBXFileReference; lastKnownFileType = file.xib; path = PopupView.xib; sourceTree = "<group>"; };
		4C033A92251F5B1C00256C71 /* LoginLocalDataManager.swift */ = {isa = PBXFileReference; lastKnownFileType = sourcecode.swift; path = LoginLocalDataManager.swift; sourceTree = "<group>"; };
		4C033A97251F6BCD00256C71 /* AlertContentConfig.swift */ = {isa = PBXFileReference; lastKnownFileType = sourcecode.swift; path = AlertContentConfig.swift; sourceTree = "<group>"; };
		4C06D097251BBD110037BE85 /* HomeViewController.swift */ = {isa = PBXFileReference; lastKnownFileType = sourcecode.swift; path = HomeViewController.swift; sourceTree = "<group>"; };
		4C06D09F251BBD1C0037BE85 /* HomeView.swift */ = {isa = PBXFileReference; lastKnownFileType = sourcecode.swift; path = HomeView.swift; sourceTree = "<group>"; };
		4C06D0A4251BBD250037BE85 /* HomeView.xib */ = {isa = PBXFileReference; lastKnownFileType = file.xib; path = HomeView.xib; sourceTree = "<group>"; };
		4C06D0AC251BC2150037BE85 /* HomeModuleInterface.swift */ = {isa = PBXFileReference; lastKnownFileType = sourcecode.swift; path = HomeModuleInterface.swift; sourceTree = "<group>"; };
		4C06D0B1251BC3FC0037BE85 /* HomePresenter.swift */ = {isa = PBXFileReference; lastKnownFileType = sourcecode.swift; path = HomePresenter.swift; sourceTree = "<group>"; };
		4C06D0B6251BC7A00037BE85 /* HomeWireFrame.swift */ = {isa = PBXFileReference; lastKnownFileType = sourcecode.swift; path = HomeWireFrame.swift; sourceTree = "<group>"; };
		4C06D0BB251BC8740037BE85 /* HomeModuleBuilder.swift */ = {isa = PBXFileReference; lastKnownFileType = sourcecode.swift; path = HomeModuleBuilder.swift; sourceTree = "<group>"; };
		4C06D0C0251BC8A60037BE85 /* HomeInteractor.swift */ = {isa = PBXFileReference; lastKnownFileType = sourcecode.swift; path = HomeInteractor.swift; sourceTree = "<group>"; };
		4C06D0C7251BC9C10037BE85 /* HomeAPIDataManager.swift */ = {isa = PBXFileReference; lastKnownFileType = sourcecode.swift; path = HomeAPIDataManager.swift; sourceTree = "<group>"; };
		4C08F0EE251A60600058485E /* Buffelist.app */ = {isa = PBXFileReference; explicitFileType = wrapper.application; includeInIndex = 0; path = Buffelist.app; sourceTree = BUILT_PRODUCTS_DIR; };
		4C08F0F1251A60600058485E /* AppDelegate.swift */ = {isa = PBXFileReference; lastKnownFileType = sourcecode.swift; path = AppDelegate.swift; sourceTree = "<group>"; };
		4C08F0F3251A60600058485E /* SceneDelegate.swift */ = {isa = PBXFileReference; lastKnownFileType = sourcecode.swift; path = SceneDelegate.swift; sourceTree = "<group>"; };
		4C08F0FA251A60610058485E /* Assets.xcassets */ = {isa = PBXFileReference; lastKnownFileType = folder.assetcatalog; path = Assets.xcassets; sourceTree = "<group>"; };
		4C08F0FD251A60610058485E /* Base */ = {isa = PBXFileReference; lastKnownFileType = file.storyboard; name = Base; path = Base.lproj/LaunchScreen.storyboard; sourceTree = "<group>"; };
		4C08F0FF251A60610058485E /* Info.plist */ = {isa = PBXFileReference; lastKnownFileType = text.plist.xml; path = Info.plist; sourceTree = "<group>"; };
		4C08F104251A60610058485E /* BuffelistTests.xctest */ = {isa = PBXFileReference; explicitFileType = wrapper.cfbundle; includeInIndex = 0; path = BuffelistTests.xctest; sourceTree = BUILT_PRODUCTS_DIR; };
		4C08F108251A60610058485E /* BuffelistTests.swift */ = {isa = PBXFileReference; lastKnownFileType = sourcecode.swift; path = BuffelistTests.swift; sourceTree = "<group>"; };
		4C08F10A251A60610058485E /* Info.plist */ = {isa = PBXFileReference; lastKnownFileType = text.plist.xml; path = Info.plist; sourceTree = "<group>"; };
		4C08F10F251A60610058485E /* BuffelistUITests.xctest */ = {isa = PBXFileReference; explicitFileType = wrapper.cfbundle; includeInIndex = 0; path = BuffelistUITests.xctest; sourceTree = BUILT_PRODUCTS_DIR; };
		4C08F113251A60610058485E /* BuffelistUITests.swift */ = {isa = PBXFileReference; lastKnownFileType = sourcecode.swift; path = BuffelistUITests.swift; sourceTree = "<group>"; };
		4C08F115251A60610058485E /* Info.plist */ = {isa = PBXFileReference; lastKnownFileType = text.plist.xml; path = Info.plist; sourceTree = "<group>"; };
		4C08F141251A644D0058485E /* LoginViewController.swift */ = {isa = PBXFileReference; lastKnownFileType = sourcecode.swift; path = LoginViewController.swift; sourceTree = "<group>"; };
		4C08F149251A645B0058485E /* LoginView.xib */ = {isa = PBXFileReference; lastKnownFileType = file.xib; path = LoginView.xib; sourceTree = "<group>"; };
		4C08F14E251A646D0058485E /* LoginView.swift */ = {isa = PBXFileReference; lastKnownFileType = sourcecode.swift; path = LoginView.swift; sourceTree = "<group>"; };
		4C23C57E252C54ED0014159E /* CreateContentResponse.swift */ = {isa = PBXFileReference; lastKnownFileType = sourcecode.swift; path = CreateContentResponse.swift; sourceTree = "<group>"; };
		4C23C589252C67A00014159E /* GetInfoFromUrlResponse.swift */ = {isa = PBXFileReference; lastKnownFileType = sourcecode.swift; path = GetInfoFromUrlResponse.swift; sourceTree = "<group>"; };
		4C38FDF1252A61C300D41CFC /* GetContentListResponse.swift */ = {isa = PBXFileReference; lastKnownFileType = sourcecode.swift; path = GetContentListResponse.swift; sourceTree = "<group>"; };
		4C38FDF7252A632100D41CFC /* TopicListService.swift */ = {isa = PBXFileReference; lastKnownFileType = sourcecode.swift; path = TopicListService.swift; sourceTree = "<group>"; };
		4C38FDFF252A64CD00D41CFC /* ContentModel.swift */ = {isa = PBXFileReference; lastKnownFileType = sourcecode.swift; path = ContentModel.swift; sourceTree = "<group>"; };
		4C44AFFD25263E23005C7DCF /* BuffelistButton.swift */ = {isa = PBXFileReference; lastKnownFileType = sourcecode.swift; path = BuffelistButton.swift; sourceTree = "<group>"; };
		4C44B00325263EE1005C7DCF /* UIViewExtension.swift */ = {isa = PBXFileReference; lastKnownFileType = sourcecode.swift; path = UIViewExtension.swift; sourceTree = "<group>"; };
		4C44B00B25264342005C7DCF /* KeyboardHandler.swift */ = {isa = PBXFileReference; lastKnownFileType = sourcecode.swift; path = KeyboardHandler.swift; sourceTree = "<group>"; };
		4C46164D252B961D00CBCEF7 /* ContentTableViewCell.swift */ = {isa = PBXFileReference; lastKnownFileType = sourcecode.swift; path = ContentTableViewCell.swift; sourceTree = "<group>"; };
		4C461655252B962B00CBCEF7 /* ContentTableViewCell.xib */ = {isa = PBXFileReference; lastKnownFileType = file.xib; path = ContentTableViewCell.xib; sourceTree = "<group>"; };
		4C4908822520A0FE00EFBAC7 /* RegisterView.swift */ = {isa = PBXFileReference; lastKnownFileType = sourcecode.swift; path = RegisterView.swift; sourceTree = "<group>"; };
		4C4908872520A10900EFBAC7 /* RegisterView.xib */ = {isa = PBXFileReference; lastKnownFileType = file.xib; path = RegisterView.xib; sourceTree = "<group>"; };
		4C49088C2520A11F00EFBAC7 /* RegisterViewController.swift */ = {isa = PBXFileReference; lastKnownFileType = sourcecode.swift; path = RegisterViewController.swift; sourceTree = "<group>"; };
		4C4908942520A6D700EFBAC7 /* RegisterModuleInterface.swift */ = {isa = PBXFileReference; lastKnownFileType = sourcecode.swift; path = RegisterModuleInterface.swift; sourceTree = "<group>"; };
		4C687A0025224F130018C799 /* RealmService.swift */ = {isa = PBXFileReference; lastKnownFileType = sourcecode.swift; path = RealmService.swift; sourceTree = "<group>"; };
		4C687A0725224F700018C799 /* UserProvider.swift */ = {isa = PBXFileReference; lastKnownFileType = sourcecode.swift; path = UserProvider.swift; sourceTree = "<group>"; };
		4C687A0D252258A80018C799 /* UserModel.swift */ = {isa = PBXFileReference; lastKnownFileType = sourcecode.swift; path = UserModel.swift; sourceTree = "<group>"; };
		4C687A21252398C00018C799 /* UserItem.swift */ = {isa = PBXFileReference; lastKnownFileType = sourcecode.swift; path = UserItem.swift; sourceTree = "<group>"; };
		4C687A2925239E910018C799 /* RealmObjectAdapter.swift */ = {isa = PBXFileReference; lastKnownFileType = sourcecode.swift; path = RealmObjectAdapter.swift; sourceTree = "<group>"; };
		4C6D38F12528B427004C29A2 /* TopicListModuleBuilder.swift */ = {isa = PBXFileReference; lastKnownFileType = sourcecode.swift; path = TopicListModuleBuilder.swift; sourceTree = "<group>"; };
		4C6D38FA2528B43F004C29A2 /* TopicListModuleInterface.swift */ = {isa = PBXFileReference; lastKnownFileType = sourcecode.swift; path = TopicListModuleInterface.swift; sourceTree = "<group>"; };
		4C6D38FF2528B4A8004C29A2 /* TopicListViewController.swift */ = {isa = PBXFileReference; lastKnownFileType = sourcecode.swift; path = TopicListViewController.swift; sourceTree = "<group>"; };
		4C6D39042528B4BB004C29A2 /* TopicListView.swift */ = {isa = PBXFileReference; lastKnownFileType = sourcecode.swift; path = TopicListView.swift; sourceTree = "<group>"; };
		4C6D39092528B4D0004C29A2 /* TopicListView.xib */ = {isa = PBXFileReference; lastKnownFileType = file.xib; path = TopicListView.xib; sourceTree = "<group>"; };
		4C6D39142528C6FC004C29A2 /* TopicListPresenter.swift */ = {isa = PBXFileReference; lastKnownFileType = sourcecode.swift; path = TopicListPresenter.swift; sourceTree = "<group>"; };
		4C6D39192528C707004C29A2 /* TopicListInteractor.swift */ = {isa = PBXFileReference; lastKnownFileType = sourcecode.swift; path = TopicListInteractor.swift; sourceTree = "<group>"; };
		4C6D391E2528C714004C29A2 /* TopicListWireFrame.swift */ = {isa = PBXFileReference; lastKnownFileType = sourcecode.swift; path = TopicListWireFrame.swift; sourceTree = "<group>"; };
		4C6D39292528C7BC004C29A2 /* TopicListAPIDataManager.swift */ = {isa = PBXFileReference; lastKnownFileType = sourcecode.swift; path = TopicListAPIDataManager.swift; sourceTree = "<group>"; };
		4C6D39322528DD6D004C29A2 /* ContentCollectionViewCell.swift */ = {isa = PBXFileReference; lastKnownFileType = sourcecode.swift; path = ContentCollectionViewCell.swift; sourceTree = "<group>"; };
		4C6D393A2528DDA5004C29A2 /* ContentCollectionViewCell.xib */ = {isa = PBXFileReference; lastKnownFileType = file.xib; path = ContentCollectionViewCell.xib; sourceTree = "<group>"; };
		4C81475C251D0238006CE13D /* LoginModuleInterface.swift */ = {isa = PBXFileReference; lastKnownFileType = sourcecode.swift; path = LoginModuleInterface.swift; sourceTree = "<group>"; };
		4C814761251D0387006CE13D /* LoginPresenter.swift */ = {isa = PBXFileReference; lastKnownFileType = sourcecode.swift; path = LoginPresenter.swift; sourceTree = "<group>"; };
		4C814766251D0402006CE13D /* LoginInteractor.swift */ = {isa = PBXFileReference; lastKnownFileType = sourcecode.swift; path = LoginInteractor.swift; sourceTree = "<group>"; };
		4C81476B251D052A006CE13D /* LoginWireFrame.swift */ = {isa = PBXFileReference; lastKnownFileType = sourcecode.swift; path = LoginWireFrame.swift; sourceTree = "<group>"; };
		4C814771251D05CB006CE13D /* LoginModuleBuilder.swift */ = {isa = PBXFileReference; lastKnownFileType = sourcecode.swift; path = LoginModuleBuilder.swift; sourceTree = "<group>"; };
		4C814783251D0914006CE13D /* LoginAPIDataManager.swift */ = {isa = PBXFileReference; lastKnownFileType = sourcecode.swift; path = LoginAPIDataManager.swift; sourceTree = "<group>"; };
		4C81478B251D0BBF006CE13D /* LoginService.swift */ = {isa = PBXFileReference; lastKnownFileType = sourcecode.swift; path = LoginService.swift; sourceTree = "<group>"; };
		4C814794251D0CB0006CE13D /* LoginResponse.swift */ = {isa = PBXFileReference; lastKnownFileType = sourcecode.swift; path = LoginResponse.swift; sourceTree = "<group>"; };
		4C8147A0251D0F63006CE13D /* GetResetLinkResponse.swift */ = {isa = PBXFileReference; lastKnownFileType = sourcecode.swift; path = GetResetLinkResponse.swift; sourceTree = "<group>"; };
		4CDB4A362520EFF800BB48C7 /* RegisterPresenter.swift */ = {isa = PBXFileReference; lastKnownFileType = sourcecode.swift; path = RegisterPresenter.swift; sourceTree = "<group>"; };
		4CDB4A3B2520F11F00BB48C7 /* RegisterInteractor.swift */ = {isa = PBXFileReference; lastKnownFileType = sourcecode.swift; path = RegisterInteractor.swift; sourceTree = "<group>"; };
		4CDB4A402520F51000BB48C7 /* RegisterWireFrame.swift */ = {isa = PBXFileReference; lastKnownFileType = sourcecode.swift; path = RegisterWireFrame.swift; sourceTree = "<group>"; };
		4CDB4A472520F56600BB48C7 /* RegisterAPIDataManager.swift */ = {isa = PBXFileReference; lastKnownFileType = sourcecode.swift; path = RegisterAPIDataManager.swift; sourceTree = "<group>"; };
		4CDB4A4C2520F74C00BB48C7 /* RegisterService.swift */ = {isa = PBXFileReference; lastKnownFileType = sourcecode.swift; path = RegisterService.swift; sourceTree = "<group>"; };
		4CDB4A562521010900BB48C7 /* RegisterModuleBuilder.swift */ = {isa = PBXFileReference; lastKnownFileType = sourcecode.swift; path = RegisterModuleBuilder.swift; sourceTree = "<group>"; };
		4CE508D5252F03BF00F2A7C5 /* SearchUserResponse.swift */ = {isa = PBXFileReference; lastKnownFileType = sourcecode.swift; path = SearchUserResponse.swift; sourceTree = "<group>"; };
		4FE3989A635DBC1A2B10E58B /* Pods-Buffelist-BuffelistUITests.debug.xcconfig */ = {isa = PBXFileReference; includeInIndex = 1; lastKnownFileType = text.xcconfig; name = "Pods-Buffelist-BuffelistUITests.debug.xcconfig"; path = "Target Support Files/Pods-Buffelist-BuffelistUITests/Pods-Buffelist-BuffelistUITests.debug.xcconfig"; sourceTree = "<group>"; };
		910FD29A215DAA9C8BC1901B /* Pods_Buffelist_BuffelistUITests.framework */ = {isa = PBXFileReference; explicitFileType = wrapper.framework; includeInIndex = 0; path = Pods_Buffelist_BuffelistUITests.framework; sourceTree = BUILT_PRODUCTS_DIR; };
		984AB530B0599C2E4D83230C /* Pods-Buffelist-BuffelistUITests.release.xcconfig */ = {isa = PBXFileReference; includeInIndex = 1; lastKnownFileType = text.xcconfig; name = "Pods-Buffelist-BuffelistUITests.release.xcconfig"; path = "Target Support Files/Pods-Buffelist-BuffelistUITests/Pods-Buffelist-BuffelistUITests.release.xcconfig"; sourceTree = "<group>"; };
		9B4CC1706C78F184B31EF7B9 /* Pods-Buffelist.debug.xcconfig */ = {isa = PBXFileReference; includeInIndex = 1; lastKnownFileType = text.xcconfig; name = "Pods-Buffelist.debug.xcconfig"; path = "Target Support Files/Pods-Buffelist/Pods-Buffelist.debug.xcconfig"; sourceTree = "<group>"; };
		A94F144AA50207E4BA9C1514 /* Pods-BuffelistTests.release.xcconfig */ = {isa = PBXFileReference; includeInIndex = 1; lastKnownFileType = text.xcconfig; name = "Pods-BuffelistTests.release.xcconfig"; path = "Target Support Files/Pods-BuffelistTests/Pods-BuffelistTests.release.xcconfig"; sourceTree = "<group>"; };
		BFF662F6E7CD280196CBEF92 /* Pods-BuffelistTests.debug.xcconfig */ = {isa = PBXFileReference; includeInIndex = 1; lastKnownFileType = text.xcconfig; name = "Pods-BuffelistTests.debug.xcconfig"; path = "Target Support Files/Pods-BuffelistTests/Pods-BuffelistTests.debug.xcconfig"; sourceTree = "<group>"; };
		C83D2B27A27954CFF3908125 /* Pods_Buffelist.framework */ = {isa = PBXFileReference; explicitFileType = wrapper.framework; includeInIndex = 0; path = Pods_Buffelist.framework; sourceTree = BUILT_PRODUCTS_DIR; };
/* End PBXFileReference section */

/* Begin PBXFrameworksBuildPhase section */
		4C08F0EB251A60600058485E /* Frameworks */ = {
			isa = PBXFrameworksBuildPhase;
			buildActionMask = 2147483647;
			files = (
				B610C78980F12B2985AFB6A1 /* Pods_Buffelist.framework in Frameworks */,
			);
			runOnlyForDeploymentPostprocessing = 0;
		};
		4C08F101251A60610058485E /* Frameworks */ = {
			isa = PBXFrameworksBuildPhase;
			buildActionMask = 2147483647;
			files = (
				45C5D72B36D834F7402E01B7 /* Pods_BuffelistTests.framework in Frameworks */,
			);
			runOnlyForDeploymentPostprocessing = 0;
		};
		4C08F10C251A60610058485E /* Frameworks */ = {
			isa = PBXFrameworksBuildPhase;
			buildActionMask = 2147483647;
			files = (
				E357AE085B598193BB083B8C /* Pods_Buffelist_BuffelistUITests.framework in Frameworks */,
			);
			runOnlyForDeploymentPostprocessing = 0;
		};
/* End PBXFrameworksBuildPhase section */

/* Begin PBXGroup section */
		4C033A79251F280D00256C71 /* Popup Views */ = {
			isa = PBXGroup;
			children = (
				4C033A7A251F283200256C71 /* PopupViewController.swift */,
				4C033A88251F285400256C71 /* PopupView.swift */,
				4C033A8D251F286400256C71 /* PopupView.xib */,
			);
			path = "Popup Views";
			sourceTree = "<group>";
		};
		4C06D08F251BBC7E0037BE85 /* Home Module */ = {
			isa = PBXGroup;
			children = (
				4C06D090251BBC890037BE85 /* Module Builder */,
				4C06D091251BBC910037BE85 /* Interface */,
				4C06D092251BBC970037BE85 /* View */,
				4C06D093251BBC9D0037BE85 /* Presenter */,
				4C06D094251BBCA50037BE85 /* Interactor */,
				4C06D095251BBCB90037BE85 /* Wire Frame */,
				4C06D096251BBCBE0037BE85 /* Data Manager */,
			);
			path = "Home Module";
			sourceTree = "<group>";
		};
		4C06D090251BBC890037BE85 /* Module Builder */ = {
			isa = PBXGroup;
			children = (
				4C06D0BB251BC8740037BE85 /* HomeModuleBuilder.swift */,
			);
			path = "Module Builder";
			sourceTree = "<group>";
		};
		4C06D091251BBC910037BE85 /* Interface */ = {
			isa = PBXGroup;
			children = (
				4C06D0AC251BC2150037BE85 /* HomeModuleInterface.swift */,
			);
			path = Interface;
			sourceTree = "<group>";
		};
		4C06D092251BBC970037BE85 /* View */ = {
			isa = PBXGroup;
			children = (
				4C06D097251BBD110037BE85 /* HomeViewController.swift */,
				4C06D0A4251BBD250037BE85 /* HomeView.xib */,
				4C06D09F251BBD1C0037BE85 /* HomeView.swift */,
			);
			path = View;
			sourceTree = "<group>";
		};
		4C06D093251BBC9D0037BE85 /* Presenter */ = {
			isa = PBXGroup;
			children = (
				4C06D0B1251BC3FC0037BE85 /* HomePresenter.swift */,
			);
			path = Presenter;
			sourceTree = "<group>";
		};
		4C06D094251BBCA50037BE85 /* Interactor */ = {
			isa = PBXGroup;
			children = (
				4C06D0C0251BC8A60037BE85 /* HomeInteractor.swift */,
			);
			path = Interactor;
			sourceTree = "<group>";
		};
		4C06D095251BBCB90037BE85 /* Wire Frame */ = {
			isa = PBXGroup;
			children = (
				4C06D0B6251BC7A00037BE85 /* HomeWireFrame.swift */,
			);
			path = "Wire Frame";
			sourceTree = "<group>";
		};
		4C06D096251BBCBE0037BE85 /* Data Manager */ = {
			isa = PBXGroup;
			children = (
				4C814757251D0063006CE13D /* Local */,
				4C06D0C6251BC9AE0037BE85 /* API */,
			);
			path = "Data Manager";
			sourceTree = "<group>";
		};
		4C06D0C6251BC9AE0037BE85 /* API */ = {
			isa = PBXGroup;
			children = (
				4C06D0C7251BC9C10037BE85 /* HomeAPIDataManager.swift */,
			);
			path = API;
			sourceTree = "<group>";
		};
		4C08F0E5251A60600058485E = {
			isa = PBXGroup;
			children = (
				4C08F0F0251A60600058485E /* Buffelist */,
				4C08F107251A60610058485E /* BuffelistTests */,
				4C08F112251A60610058485E /* BuffelistUITests */,
				4C08F0EF251A60600058485E /* Products */,
				8A427690E4755E08BE80B8A0 /* Pods */,
				F2062DF3069210500DBB495B /* Frameworks */,
			);
			sourceTree = "<group>";
		};
		4C08F0EF251A60600058485E /* Products */ = {
			isa = PBXGroup;
			children = (
				4C08F0EE251A60600058485E /* Buffelist.app */,
				4C08F104251A60610058485E /* BuffelistTests.xctest */,
				4C08F10F251A60610058485E /* BuffelistUITests.xctest */,
			);
			name = Products;
			sourceTree = "<group>";
		};
		4C08F0F0251A60600058485E /* Buffelist */ = {
			isa = PBXGroup;
			children = (
				4C08F124251A609F0058485E /* App */,
				4C08F128251A611F0058485E /* Supporting Files */,
				4C814789251D0A7F006CE13D /* Resources */,
				4C814788251D0A76006CE13D /* Common */,
				4C08F12C251A613E0058485E /* Modules */,
				4C81478A251D0A8B006CE13D /* Services */,
			);
			path = Buffelist;
			sourceTree = "<group>";
		};
		4C08F107251A60610058485E /* BuffelistTests */ = {
			isa = PBXGroup;
			children = (
				4C08F108251A60610058485E /* BuffelistTests.swift */,
				4C08F10A251A60610058485E /* Info.plist */,
			);
			path = BuffelistTests;
			sourceTree = "<group>";
		};
		4C08F112251A60610058485E /* BuffelistUITests */ = {
			isa = PBXGroup;
			children = (
				4C08F113251A60610058485E /* BuffelistUITests.swift */,
				4C08F115251A60610058485E /* Info.plist */,
			);
			path = BuffelistUITests;
			sourceTree = "<group>";
		};
		4C08F124251A609F0058485E /* App */ = {
			isa = PBXGroup;
			children = (
				4C08F0FF251A60610058485E /* Info.plist */,
				4C08F0F1251A60600058485E /* AppDelegate.swift */,
				4C08F0F3251A60600058485E /* SceneDelegate.swift */,
			);
			path = App;
			sourceTree = "<group>";
		};
		4C08F128251A611F0058485E /* Supporting Files */ = {
			isa = PBXGroup;
			children = (
				4C08F0FC251A60610058485E /* LaunchScreen.storyboard */,
			);
			path = "Supporting Files";
			sourceTree = "<group>";
		};
		4C08F12C251A613E0058485E /* Modules */ = {
			isa = PBXGroup;
			children = (
				4C06D08F251BBC7E0037BE85 /* Home Module */,
				4C08F139251A63490058485E /* Login Module */,
				4C4908782520A09000EFBAC7 /* Register Module */,
				4C6D38E92528B2AF004C29A2 /* Topic List Module */,
			);
			path = Modules;
			sourceTree = "<group>";
		};
		4C08F139251A63490058485E /* Login Module */ = {
			isa = PBXGroup;
			children = (
				4C814750251D0000006CE13D /* Module Builder */,
				4C814751251D0009006CE13D /* Interface */,
				4C08F13A251A63BB0058485E /* View */,
				4C814752251D001F006CE13D /* Presenter */,
				4C814753251D002A006CE13D /* Interactor */,
				4C814754251D003C006CE13D /* Wire Frame */,
				4C814755251D0051006CE13D /* Data Manager */,
				4C81479C251D0E70006CE13D /* Service */,
			);
			path = "Login Module";
			sourceTree = "<group>";
		};
		4C08F13A251A63BB0058485E /* View */ = {
			isa = PBXGroup;
			children = (
				4C08F141251A644D0058485E /* LoginViewController.swift */,
				4C08F149251A645B0058485E /* LoginView.xib */,
				4C08F14E251A646D0058485E /* LoginView.swift */,
			);
			path = View;
			sourceTree = "<group>";
		};
		4C38FDF6252A630600D41CFC /* Service */ = {
			isa = PBXGroup;
			children = (
				4C38FDF7252A632100D41CFC /* TopicListService.swift */,
			);
			path = Service;
			sourceTree = "<group>";
		};
		4C44B00225263ECD005C7DCF /* Extensions */ = {
			isa = PBXGroup;
			children = (
				4C44B00325263EE1005C7DCF /* UIViewExtension.swift */,
			);
			path = Extensions;
			sourceTree = "<group>";
		};
		4C46164C252B95FD00CBCEF7 /* Table View Cell */ = {
			isa = PBXGroup;
			children = (
				4C46164D252B961D00CBCEF7 /* ContentTableViewCell.swift */,
				4C461655252B962B00CBCEF7 /* ContentTableViewCell.xib */,
			);
			path = "Table View Cell";
			sourceTree = "<group>";
		};
		4C4908782520A09000EFBAC7 /* Register Module */ = {
			isa = PBXGroup;
			children = (
				4C4908802520A0C400EFBAC7 /* Module Builder */,
				4C49087F2520A0C000EFBAC7 /* Interface */,
				4C49087E2520A0BB00EFBAC7 /* View */,
				4C49087D2520A0B700EFBAC7 /* Presenter */,
				4C49087C2520A0B200EFBAC7 /* Interactor */,
				4C49087B2520A0AA00EFBAC7 /* Wire Frame */,
				4C49087A2520A0A400EFBAC7 /* Data Manager */,
				4C4908792520A09B00EFBAC7 /* Service */,
			);
			path = "Register Module";
			sourceTree = "<group>";
		};
		4C4908792520A09B00EFBAC7 /* Service */ = {
			isa = PBXGroup;
			children = (
				4CDB4A4C2520F74C00BB48C7 /* RegisterService.swift */,
			);
			path = Service;
			sourceTree = "<group>";
		};
		4C49087A2520A0A400EFBAC7 /* Data Manager */ = {
			isa = PBXGroup;
			children = (
				4CDB4A452520F54200BB48C7 /* Local */,
				4CDB4A462520F54700BB48C7 /* API */,
			);
			path = "Data Manager";
			sourceTree = "<group>";
		};
		4C49087B2520A0AA00EFBAC7 /* Wire Frame */ = {
			isa = PBXGroup;
			children = (
				4CDB4A402520F51000BB48C7 /* RegisterWireFrame.swift */,
			);
			path = "Wire Frame";
			sourceTree = "<group>";
		};
		4C49087C2520A0B200EFBAC7 /* Interactor */ = {
			isa = PBXGroup;
			children = (
				4CDB4A3B2520F11F00BB48C7 /* RegisterInteractor.swift */,
			);
			path = Interactor;
			sourceTree = "<group>";
		};
		4C49087D2520A0B700EFBAC7 /* Presenter */ = {
			isa = PBXGroup;
			children = (
				4CDB4A362520EFF800BB48C7 /* RegisterPresenter.swift */,
			);
			path = Presenter;
			sourceTree = "<group>";
		};
		4C49087E2520A0BB00EFBAC7 /* View */ = {
			isa = PBXGroup;
			children = (
				4C49088C2520A11F00EFBAC7 /* RegisterViewController.swift */,
				4C4908822520A0FE00EFBAC7 /* RegisterView.swift */,
				4C4908872520A10900EFBAC7 /* RegisterView.xib */,
			);
			path = View;
			sourceTree = "<group>";
		};
		4C49087F2520A0C000EFBAC7 /* Interface */ = {
			isa = PBXGroup;
			children = (
				4C4908942520A6D700EFBAC7 /* RegisterModuleInterface.swift */,
			);
			path = Interface;
			sourceTree = "<group>";
		};
		4C4908802520A0C400EFBAC7 /* Module Builder */ = {
			isa = PBXGroup;
			children = (
				4CDB4A562521010900BB48C7 /* RegisterModuleBuilder.swift */,
			);
			path = "Module Builder";
			sourceTree = "<group>";
		};
		4C687A0525224F540018C799 /* Realm */ = {
			isa = PBXGroup;
			children = (
				4C687A20252398B80018C799 /* Items */,
				4C687A0C2522588A0018C799 /* Models */,
				4C687A0625224F600018C799 /* Providers */,
				4C687A0025224F130018C799 /* RealmService.swift */,
			);
			path = Realm;
			sourceTree = "<group>";
		};
		4C687A0625224F600018C799 /* Providers */ = {
			isa = PBXGroup;
			children = (
				4C687A0725224F700018C799 /* UserProvider.swift */,
			);
			path = Providers;
			sourceTree = "<group>";
		};
		4C687A0C2522588A0018C799 /* Models */ = {
			isa = PBXGroup;
			children = (
				4C687A0D252258A80018C799 /* UserModel.swift */,
			);
			path = Models;
			sourceTree = "<group>";
		};
		4C687A20252398B80018C799 /* Items */ = {
			isa = PBXGroup;
			children = (
				4C687A21252398C00018C799 /* UserItem.swift */,
			);
			path = Items;
			sourceTree = "<group>";
		};
		4C6D38E92528B2AF004C29A2 /* Topic List Module */ = {
			isa = PBXGroup;
			children = (
				4C6D38EA2528B2D4004C29A2 /* Module Builder */,
				4C6D38EB2528B3B6004C29A2 /* Interface */,
				4C6D38EC2528B3BB004C29A2 /* View */,
				4C6D38ED2528B3BF004C29A2 /* Presenter */,
				4C6D38EE2528B3C3004C29A2 /* Interactor */,
				4C6D38EF2528B3CC004C29A2 /* Wire Frame */,
				4C6D39232528C76B004C29A2 /* Data Manager */,
				4C38FDF6252A630600D41CFC /* Service */,
			);
			path = "Topic List Module";
			sourceTree = "<group>";
		};
		4C6D38EA2528B2D4004C29A2 /* Module Builder */ = {
			isa = PBXGroup;
			children = (
				4C6D38F12528B427004C29A2 /* TopicListModuleBuilder.swift */,
			);
			path = "Module Builder";
			sourceTree = "<group>";
		};
		4C6D38EB2528B3B6004C29A2 /* Interface */ = {
			isa = PBXGroup;
			children = (
				4C6D38FA2528B43F004C29A2 /* TopicListModuleInterface.swift */,
			);
			path = Interface;
			sourceTree = "<group>";
		};
		4C6D38EC2528B3BB004C29A2 /* View */ = {
			isa = PBXGroup;
			children = (
				4C6D38FF2528B4A8004C29A2 /* TopicListViewController.swift */,
				4C6D39092528B4D0004C29A2 /* TopicListView.xib */,
				4C6D39042528B4BB004C29A2 /* TopicListView.swift */,
			);
			path = View;
			sourceTree = "<group>";
		};
		4C6D38ED2528B3BF004C29A2 /* Presenter */ = {
			isa = PBXGroup;
			children = (
				4C6D39142528C6FC004C29A2 /* TopicListPresenter.swift */,
			);
			path = Presenter;
			sourceTree = "<group>";
		};
		4C6D38EE2528B3C3004C29A2 /* Interactor */ = {
			isa = PBXGroup;
			children = (
				4C6D39192528C707004C29A2 /* TopicListInteractor.swift */,
			);
			path = Interactor;
			sourceTree = "<group>";
		};
		4C6D38EF2528B3CC004C29A2 /* Wire Frame */ = {
			isa = PBXGroup;
			children = (
				4C6D391E2528C714004C29A2 /* TopicListWireFrame.swift */,
			);
			path = "Wire Frame";
			sourceTree = "<group>";
		};
		4C6D39232528C76B004C29A2 /* Data Manager */ = {
			isa = PBXGroup;
			children = (
				4C6D39242528C784004C29A2 /* Local */,
				4C6D39252528C788004C29A2 /* API */,
			);
			path = "Data Manager";
			sourceTree = "<group>";
		};
		4C6D39242528C784004C29A2 /* Local */ = {
			isa = PBXGroup;
			children = (
				4C38FDFF252A64CD00D41CFC /* ContentModel.swift */,
			);
			path = Local;
			sourceTree = "<group>";
		};
		4C6D39252528C788004C29A2 /* API */ = {
			isa = PBXGroup;
			children = (
				4C6D39292528C7BC004C29A2 /* TopicListAPIDataManager.swift */,
			);
			path = API;
			sourceTree = "<group>";
		};
		4C6D39312528DD4E004C29A2 /* Collection View Cell */ = {
			isa = PBXGroup;
			children = (
				4C6D39322528DD6D004C29A2 /* ContentCollectionViewCell.swift */,
				4C6D393A2528DDA5004C29A2 /* ContentCollectionViewCell.xib */,
			);
			path = "Collection View Cell";
			sourceTree = "<group>";
		};
		4C814750251D0000006CE13D /* Module Builder */ = {
			isa = PBXGroup;
			children = (
				4C814771251D05CB006CE13D /* LoginModuleBuilder.swift */,
			);
			path = "Module Builder";
			sourceTree = "<group>";
		};
		4C814751251D0009006CE13D /* Interface */ = {
			isa = PBXGroup;
			children = (
				4C81475C251D0238006CE13D /* LoginModuleInterface.swift */,
			);
			path = Interface;
			sourceTree = "<group>";
		};
		4C814752251D001F006CE13D /* Presenter */ = {
			isa = PBXGroup;
			children = (
				4C814761251D0387006CE13D /* LoginPresenter.swift */,
			);
			path = Presenter;
			sourceTree = "<group>";
		};
		4C814753251D002A006CE13D /* Interactor */ = {
			isa = PBXGroup;
			children = (
				4C814766251D0402006CE13D /* LoginInteractor.swift */,
			);
			path = Interactor;
			sourceTree = "<group>";
		};
		4C814754251D003C006CE13D /* Wire Frame */ = {
			isa = PBXGroup;
			children = (
				4C81476B251D052A006CE13D /* LoginWireFrame.swift */,
			);
			path = "Wire Frame";
			sourceTree = "<group>";
		};
		4C814755251D0051006CE13D /* Data Manager */ = {
			isa = PBXGroup;
			children = (
				4C814756251D0059006CE13D /* Local */,
				4C814758251D0068006CE13D /* API */,
			);
			path = "Data Manager";
			sourceTree = "<group>";
		};
		4C814756251D0059006CE13D /* Local */ = {
			isa = PBXGroup;
			children = (
				4C033A92251F5B1C00256C71 /* LoginLocalDataManager.swift */,
			);
			path = Local;
			sourceTree = "<group>";
		};
		4C814757251D0063006CE13D /* Local */ = {
			isa = PBXGroup;
			children = (
			);
			path = Local;
			sourceTree = "<group>";
		};
		4C814758251D0068006CE13D /* API */ = {
			isa = PBXGroup;
			children = (
				4C814783251D0914006CE13D /* LoginAPIDataManager.swift */,
			);
			path = API;
			sourceTree = "<group>";
		};
		4C814788251D0A76006CE13D /* Common */ = {
			isa = PBXGroup;
			children = (
				4C033A97251F6BCD00256C71 /* AlertContentConfig.swift */,
				4C44B00B25264342005C7DCF /* KeyboardHandler.swift */,
				4C44AFFD25263E23005C7DCF /* BuffelistButton.swift */,
				4C46164C252B95FD00CBCEF7 /* Table View Cell */,
				4C6D39312528DD4E004C29A2 /* Collection View Cell */,
				4C44B00225263ECD005C7DCF /* Extensions */,
				4C033A79251F280D00256C71 /* Popup Views */,
			);
			path = Common;
			sourceTree = "<group>";
		};
		4C814789251D0A7F006CE13D /* Resources */ = {
			isa = PBXGroup;
			children = (
				4C08F0FA251A60610058485E /* Assets.xcassets */,
			);
			path = Resources;
			sourceTree = "<group>";
		};
		4C81478A251D0A8B006CE13D /* Services */ = {
			isa = PBXGroup;
			children = (
				4C687A0525224F540018C799 /* Realm */,
				4C814793251D0CA0006CE13D /* Responses */,
			);
			path = Services;
			sourceTree = "<group>";
		};
		4C814793251D0CA0006CE13D /* Responses */ = {
			isa = PBXGroup;
			children = (
				4C814794251D0CB0006CE13D /* LoginResponse.swift */,
				4C8147A0251D0F63006CE13D /* GetResetLinkResponse.swift */,
				4C38FDF1252A61C300D41CFC /* GetContentListResponse.swift */,
				4C23C57E252C54ED0014159E /* CreateContentResponse.swift */,
				4C23C589252C67A00014159E /* GetInfoFromUrlResponse.swift */,
				4CE508D5252F03BF00F2A7C5 /* SearchUserResponse.swift */,
			);
			path = Responses;
			sourceTree = "<group>";
		};
		4C81479C251D0E70006CE13D /* Service */ = {
			isa = PBXGroup;
			children = (
				4C81478B251D0BBF006CE13D /* LoginService.swift */,
			);
			path = Service;
			sourceTree = "<group>";
		};
		4CDB4A452520F54200BB48C7 /* Local */ = {
			isa = PBXGroup;
			children = (
			);
			path = Local;
			sourceTree = "<group>";
		};
		4CDB4A462520F54700BB48C7 /* API */ = {
			isa = PBXGroup;
			children = (
				4CDB4A472520F56600BB48C7 /* RegisterAPIDataManager.swift */,
				4C687A2925239E910018C799 /* RealmObjectAdapter.swift */,
			);
			path = API;
			sourceTree = "<group>";
		};
		8A427690E4755E08BE80B8A0 /* Pods */ = {
			isa = PBXGroup;
			children = (
				9B4CC1706C78F184B31EF7B9 /* Pods-Buffelist.debug.xcconfig */,
				20C09D58CAE690595638730A /* Pods-Buffelist.release.xcconfig */,
				4FE3989A635DBC1A2B10E58B /* Pods-Buffelist-BuffelistUITests.debug.xcconfig */,
				984AB530B0599C2E4D83230C /* Pods-Buffelist-BuffelistUITests.release.xcconfig */,
				BFF662F6E7CD280196CBEF92 /* Pods-BuffelistTests.debug.xcconfig */,
				A94F144AA50207E4BA9C1514 /* Pods-BuffelistTests.release.xcconfig */,
			);
			path = Pods;
			sourceTree = "<group>";
		};
		F2062DF3069210500DBB495B /* Frameworks */ = {
			isa = PBXGroup;
			children = (
				C83D2B27A27954CFF3908125 /* Pods_Buffelist.framework */,
				910FD29A215DAA9C8BC1901B /* Pods_Buffelist_BuffelistUITests.framework */,
				4056A4B9AEEECE0B53783083 /* Pods_BuffelistTests.framework */,
			);
			name = Frameworks;
			sourceTree = "<group>";
		};
/* End PBXGroup section */

/* Begin PBXNativeTarget section */
		4C08F0ED251A60600058485E /* Buffelist */ = {
			isa = PBXNativeTarget;
			buildConfigurationList = 4C08F118251A60610058485E /* Build configuration list for PBXNativeTarget "Buffelist" */;
			buildPhases = (
				5DED7F87ABCC8FDA23F06CDE /* [CP] Check Pods Manifest.lock */,
				4C08F0EA251A60600058485E /* Sources */,
				4C08F0EB251A60600058485E /* Frameworks */,
				4C08F0EC251A60600058485E /* Resources */,
				F8D8A762ABCC4257B5E9F1F2 /* [CP] Embed Pods Frameworks */,
			);
			buildRules = (
			);
			dependencies = (
			);
			name = Buffelist;
			productName = Buffelist;
			productReference = 4C08F0EE251A60600058485E /* Buffelist.app */;
			productType = "com.apple.product-type.application";
		};
		4C08F103251A60610058485E /* BuffelistTests */ = {
			isa = PBXNativeTarget;
			buildConfigurationList = 4C08F11B251A60610058485E /* Build configuration list for PBXNativeTarget "BuffelistTests" */;
			buildPhases = (
				6A1151C771AB6E37000DBC3A /* [CP] Check Pods Manifest.lock */,
				4C08F100251A60610058485E /* Sources */,
				4C08F101251A60610058485E /* Frameworks */,
				4C08F102251A60610058485E /* Resources */,
			);
			buildRules = (
			);
			dependencies = (
				4C08F106251A60610058485E /* PBXTargetDependency */,
			);
			name = BuffelistTests;
			productName = BuffelistTests;
			productReference = 4C08F104251A60610058485E /* BuffelistTests.xctest */;
			productType = "com.apple.product-type.bundle.unit-test";
		};
		4C08F10E251A60610058485E /* BuffelistUITests */ = {
			isa = PBXNativeTarget;
			buildConfigurationList = 4C08F11E251A60610058485E /* Build configuration list for PBXNativeTarget "BuffelistUITests" */;
			buildPhases = (
				5A9B85C0260B92F4EBE8D452 /* [CP] Check Pods Manifest.lock */,
				4C08F10B251A60610058485E /* Sources */,
				4C08F10C251A60610058485E /* Frameworks */,
				4C08F10D251A60610058485E /* Resources */,
				5306609A2159ADF5D313DC0D /* [CP] Embed Pods Frameworks */,
			);
			buildRules = (
			);
			dependencies = (
				4C08F111251A60610058485E /* PBXTargetDependency */,
			);
			name = BuffelistUITests;
			productName = BuffelistUITests;
			productReference = 4C08F10F251A60610058485E /* BuffelistUITests.xctest */;
			productType = "com.apple.product-type.bundle.ui-testing";
		};
/* End PBXNativeTarget section */

/* Begin PBXProject section */
		4C08F0E6251A60600058485E /* Project object */ = {
			isa = PBXProject;
			attributes = {
				LastSwiftUpdateCheck = 1200;
				LastUpgradeCheck = 1200;
				TargetAttributes = {
					4C08F0ED251A60600058485E = {
						CreatedOnToolsVersion = 12.0;
					};
					4C08F103251A60610058485E = {
						CreatedOnToolsVersion = 12.0;
						TestTargetID = 4C08F0ED251A60600058485E;
					};
					4C08F10E251A60610058485E = {
						CreatedOnToolsVersion = 12.0;
						TestTargetID = 4C08F0ED251A60600058485E;
					};
				};
			};
			buildConfigurationList = 4C08F0E9251A60600058485E /* Build configuration list for PBXProject "Buffelist" */;
			compatibilityVersion = "Xcode 9.3";
			developmentRegion = en;
			hasScannedForEncodings = 0;
			knownRegions = (
				en,
				Base,
			);
			mainGroup = 4C08F0E5251A60600058485E;
			productRefGroup = 4C08F0EF251A60600058485E /* Products */;
			projectDirPath = "";
			projectRoot = "";
			targets = (
				4C08F0ED251A60600058485E /* Buffelist */,
				4C08F103251A60610058485E /* BuffelistTests */,
				4C08F10E251A60610058485E /* BuffelistUITests */,
			);
		};
/* End PBXProject section */

/* Begin PBXResourcesBuildPhase section */
		4C08F0EC251A60600058485E /* Resources */ = {
			isa = PBXResourcesBuildPhase;
			buildActionMask = 2147483647;
			files = (
				4C6D393B2528DDA5004C29A2 /* ContentCollectionViewCell.xib in Resources */,
				4C08F0FE251A60610058485E /* LaunchScreen.storyboard in Resources */,
				4C4908882520A10900EFBAC7 /* RegisterView.xib in Resources */,
				4C06D0A5251BBD250037BE85 /* HomeView.xib in Resources */,
				4C033A8E251F286400256C71 /* PopupView.xib in Resources */,
				4C08F0FB251A60610058485E /* Assets.xcassets in Resources */,
				4C461656252B962B00CBCEF7 /* ContentTableViewCell.xib in Resources */,
				4C08F14A251A645B0058485E /* LoginView.xib in Resources */,
				4C6D390A2528B4D0004C29A2 /* TopicListView.xib in Resources */,
			);
			runOnlyForDeploymentPostprocessing = 0;
		};
		4C08F102251A60610058485E /* Resources */ = {
			isa = PBXResourcesBuildPhase;
			buildActionMask = 2147483647;
			files = (
			);
			runOnlyForDeploymentPostprocessing = 0;
		};
		4C08F10D251A60610058485E /* Resources */ = {
			isa = PBXResourcesBuildPhase;
			buildActionMask = 2147483647;
			files = (
			);
			runOnlyForDeploymentPostprocessing = 0;
		};
/* End PBXResourcesBuildPhase section */

/* Begin PBXShellScriptBuildPhase section */
		5306609A2159ADF5D313DC0D /* [CP] Embed Pods Frameworks */ = {
			isa = PBXShellScriptBuildPhase;
			buildActionMask = 2147483647;
			files = (
			);
			inputFileListPaths = (
				"${PODS_ROOT}/Target Support Files/Pods-Buffelist-BuffelistUITests/Pods-Buffelist-BuffelistUITests-frameworks-${CONFIGURATION}-input-files.xcfilelist",
			);
			name = "[CP] Embed Pods Frameworks";
			outputFileListPaths = (
				"${PODS_ROOT}/Target Support Files/Pods-Buffelist-BuffelistUITests/Pods-Buffelist-BuffelistUITests-frameworks-${CONFIGURATION}-output-files.xcfilelist",
			);
			runOnlyForDeploymentPostprocessing = 0;
			shellPath = /bin/sh;
			shellScript = "\"${PODS_ROOT}/Target Support Files/Pods-Buffelist-BuffelistUITests/Pods-Buffelist-BuffelistUITests-frameworks.sh\"\n";
			showEnvVarsInLog = 0;
		};
		5A9B85C0260B92F4EBE8D452 /* [CP] Check Pods Manifest.lock */ = {
			isa = PBXShellScriptBuildPhase;
			buildActionMask = 2147483647;
			files = (
			);
			inputFileListPaths = (
			);
			inputPaths = (
				"${PODS_PODFILE_DIR_PATH}/Podfile.lock",
				"${PODS_ROOT}/Manifest.lock",
			);
			name = "[CP] Check Pods Manifest.lock";
			outputFileListPaths = (
			);
			outputPaths = (
				"$(DERIVED_FILE_DIR)/Pods-Buffelist-BuffelistUITests-checkManifestLockResult.txt",
			);
			runOnlyForDeploymentPostprocessing = 0;
			shellPath = /bin/sh;
			shellScript = "diff \"${PODS_PODFILE_DIR_PATH}/Podfile.lock\" \"${PODS_ROOT}/Manifest.lock\" > /dev/null\nif [ $? != 0 ] ; then\n    # print error to STDERR\n    echo \"error: The sandbox is not in sync with the Podfile.lock. Run 'pod install' or update your CocoaPods installation.\" >&2\n    exit 1\nfi\n# This output is used by Xcode 'outputs' to avoid re-running this script phase.\necho \"SUCCESS\" > \"${SCRIPT_OUTPUT_FILE_0}\"\n";
			showEnvVarsInLog = 0;
		};
		5DED7F87ABCC8FDA23F06CDE /* [CP] Check Pods Manifest.lock */ = {
			isa = PBXShellScriptBuildPhase;
			buildActionMask = 2147483647;
			files = (
			);
			inputFileListPaths = (
			);
			inputPaths = (
				"${PODS_PODFILE_DIR_PATH}/Podfile.lock",
				"${PODS_ROOT}/Manifest.lock",
			);
			name = "[CP] Check Pods Manifest.lock";
			outputFileListPaths = (
			);
			outputPaths = (
				"$(DERIVED_FILE_DIR)/Pods-Buffelist-checkManifestLockResult.txt",
			);
			runOnlyForDeploymentPostprocessing = 0;
			shellPath = /bin/sh;
			shellScript = "diff \"${PODS_PODFILE_DIR_PATH}/Podfile.lock\" \"${PODS_ROOT}/Manifest.lock\" > /dev/null\nif [ $? != 0 ] ; then\n    # print error to STDERR\n    echo \"error: The sandbox is not in sync with the Podfile.lock. Run 'pod install' or update your CocoaPods installation.\" >&2\n    exit 1\nfi\n# This output is used by Xcode 'outputs' to avoid re-running this script phase.\necho \"SUCCESS\" > \"${SCRIPT_OUTPUT_FILE_0}\"\n";
			showEnvVarsInLog = 0;
		};
		6A1151C771AB6E37000DBC3A /* [CP] Check Pods Manifest.lock */ = {
			isa = PBXShellScriptBuildPhase;
			buildActionMask = 2147483647;
			files = (
			);
			inputFileListPaths = (
			);
			inputPaths = (
				"${PODS_PODFILE_DIR_PATH}/Podfile.lock",
				"${PODS_ROOT}/Manifest.lock",
			);
			name = "[CP] Check Pods Manifest.lock";
			outputFileListPaths = (
			);
			outputPaths = (
				"$(DERIVED_FILE_DIR)/Pods-BuffelistTests-checkManifestLockResult.txt",
			);
			runOnlyForDeploymentPostprocessing = 0;
			shellPath = /bin/sh;
			shellScript = "diff \"${PODS_PODFILE_DIR_PATH}/Podfile.lock\" \"${PODS_ROOT}/Manifest.lock\" > /dev/null\nif [ $? != 0 ] ; then\n    # print error to STDERR\n    echo \"error: The sandbox is not in sync with the Podfile.lock. Run 'pod install' or update your CocoaPods installation.\" >&2\n    exit 1\nfi\n# This output is used by Xcode 'outputs' to avoid re-running this script phase.\necho \"SUCCESS\" > \"${SCRIPT_OUTPUT_FILE_0}\"\n";
			showEnvVarsInLog = 0;
		};
		F8D8A762ABCC4257B5E9F1F2 /* [CP] Embed Pods Frameworks */ = {
			isa = PBXShellScriptBuildPhase;
			buildActionMask = 2147483647;
			files = (
			);
			inputFileListPaths = (
				"${PODS_ROOT}/Target Support Files/Pods-Buffelist/Pods-Buffelist-frameworks-${CONFIGURATION}-input-files.xcfilelist",
			);
			name = "[CP] Embed Pods Frameworks";
			outputFileListPaths = (
				"${PODS_ROOT}/Target Support Files/Pods-Buffelist/Pods-Buffelist-frameworks-${CONFIGURATION}-output-files.xcfilelist",
			);
			runOnlyForDeploymentPostprocessing = 0;
			shellPath = /bin/sh;
			shellScript = "\"${PODS_ROOT}/Target Support Files/Pods-Buffelist/Pods-Buffelist-frameworks.sh\"\n";
			showEnvVarsInLog = 0;
		};
/* End PBXShellScriptBuildPhase section */

/* Begin PBXSourcesBuildPhase section */
		4C08F0EA251A60600058485E /* Sources */ = {
			isa = PBXSourcesBuildPhase;
			buildActionMask = 2147483647;
			files = (
				4CDB4A572521010900BB48C7 /* RegisterModuleBuilder.swift in Sources */,
				4C49088D2520A11F00EFBAC7 /* RegisterViewController.swift in Sources */,
				4C814784251D0914006CE13D /* LoginAPIDataManager.swift in Sources */,
				4C06D0BC251BC8740037BE85 /* HomeModuleBuilder.swift in Sources */,
				4C6D39332528DD6D004C29A2 /* ContentCollectionViewCell.swift in Sources */,
				4C06D0C1251BC8A60037BE85 /* HomeInteractor.swift in Sources */,
				4C4908952520A6D700EFBAC7 /* RegisterModuleInterface.swift in Sources */,
				4C38FE00252A64CD00D41CFC /* ContentModel.swift in Sources */,
				4C6D391A2528C707004C29A2 /* TopicListInteractor.swift in Sources */,
				4C6D39152528C6FC004C29A2 /* TopicListPresenter.swift in Sources */,
				4C44AFFE25263E23005C7DCF /* BuffelistButton.swift in Sources */,
				4C46164E252B961D00CBCEF7 /* ContentTableViewCell.swift in Sources */,
				4C814762251D0387006CE13D /* LoginPresenter.swift in Sources */,
				4C44B00C25264342005C7DCF /* KeyboardHandler.swift in Sources */,
				4C6D392A2528C7BC004C29A2 /* TopicListAPIDataManager.swift in Sources */,
				4C033A98251F6BCD00256C71 /* AlertContentConfig.swift in Sources */,
				4C06D098251BBD110037BE85 /* HomeViewController.swift in Sources */,
				4C81475D251D0238006CE13D /* LoginModuleInterface.swift in Sources */,
				4C08F142251A644D0058485E /* LoginViewController.swift in Sources */,
				4C23C57F252C54ED0014159E /* CreateContentResponse.swift in Sources */,
				4C08F0F2251A60600058485E /* AppDelegate.swift in Sources */,
				4C687A2A25239E910018C799 /* RealmObjectAdapter.swift in Sources */,
				4CDB4A482520F56600BB48C7 /* RegisterAPIDataManager.swift in Sources */,
				4C06D0A0251BBD1C0037BE85 /* HomeView.swift in Sources */,
				4C814767251D0402006CE13D /* LoginInteractor.swift in Sources */,
				4CE508D6252F03BF00F2A7C5 /* SearchUserResponse.swift in Sources */,
				4C08F14F251A646D0058485E /* LoginView.swift in Sources */,
				4C44B00425263EE1005C7DCF /* UIViewExtension.swift in Sources */,
				4C6D38FB2528B43F004C29A2 /* TopicListModuleInterface.swift in Sources */,
				4C38FDF8252A632100D41CFC /* TopicListService.swift in Sources */,
				4C033A7B251F283200256C71 /* PopupViewController.swift in Sources */,
				4C38FDF2252A61C300D41CFC /* GetContentListResponse.swift in Sources */,
				4C81476C251D052A006CE13D /* LoginWireFrame.swift in Sources */,
				4C814795251D0CB0006CE13D /* LoginResponse.swift in Sources */,
				4C23C58A252C67A00014159E /* GetInfoFromUrlResponse.swift in Sources */,
				4CDB4A4D2520F74C00BB48C7 /* RegisterService.swift in Sources */,
				4CDB4A412520F51000BB48C7 /* RegisterWireFrame.swift in Sources */,
				4C4908832520A0FE00EFBAC7 /* RegisterView.swift in Sources */,
				4C687A0E252258A80018C799 /* UserModel.swift in Sources */,
				4C814772251D05CB006CE13D /* LoginModuleBuilder.swift in Sources */,
				4C81478C251D0BBF006CE13D /* LoginService.swift in Sources */,
				4C08F0F4251A60600058485E /* SceneDelegate.swift in Sources */,
				4CDB4A3C2520F11F00BB48C7 /* RegisterInteractor.swift in Sources */,
				4C06D0AD251BC2150037BE85 /* HomeModuleInterface.swift in Sources */,
				4C687A0825224F700018C799 /* UserProvider.swift in Sources */,
				4C06D0B7251BC7A00037BE85 /* HomeWireFrame.swift in Sources */,
				4CDB4A372520EFF800BB48C7 /* RegisterPresenter.swift in Sources */,
				4C6D38F22528B427004C29A2 /* TopicListModuleBuilder.swift in Sources */,
				4C06D0B2251BC3FC0037BE85 /* HomePresenter.swift in Sources */,
				4C6D391F2528C714004C29A2 /* TopicListWireFrame.swift in Sources */,
				4C687A22252398C00018C799 /* UserItem.swift in Sources */,
				4C8147A1251D0F63006CE13D /* GetResetLinkResponse.swift in Sources */,
				4C687A0125224F130018C799 /* RealmService.swift in Sources */,
				4C06D0C8251BC9C10037BE85 /* HomeAPIDataManager.swift in Sources */,
				4C033A89251F285400256C71 /* PopupView.swift in Sources */,
				4C033A93251F5B1C00256C71 /* LoginLocalDataManager.swift in Sources */,
				4C6D39002528B4A8004C29A2 /* TopicListViewController.swift in Sources */,
				4C6D39052528B4BB004C29A2 /* TopicListView.swift in Sources */,
			);
			runOnlyForDeploymentPostprocessing = 0;
		};
		4C08F100251A60610058485E /* Sources */ = {
			isa = PBXSourcesBuildPhase;
			buildActionMask = 2147483647;
			files = (
				4C08F109251A60610058485E /* BuffelistTests.swift in Sources */,
			);
			runOnlyForDeploymentPostprocessing = 0;
		};
		4C08F10B251A60610058485E /* Sources */ = {
			isa = PBXSourcesBuildPhase;
			buildActionMask = 2147483647;
			files = (
				4C08F114251A60610058485E /* BuffelistUITests.swift in Sources */,
			);
			runOnlyForDeploymentPostprocessing = 0;
		};
/* End PBXSourcesBuildPhase section */

/* Begin PBXTargetDependency section */
		4C08F106251A60610058485E /* PBXTargetDependency */ = {
			isa = PBXTargetDependency;
			target = 4C08F0ED251A60600058485E /* Buffelist */;
			targetProxy = 4C08F105251A60610058485E /* PBXContainerItemProxy */;
		};
		4C08F111251A60610058485E /* PBXTargetDependency */ = {
			isa = PBXTargetDependency;
			target = 4C08F0ED251A60600058485E /* Buffelist */;
			targetProxy = 4C08F110251A60610058485E /* PBXContainerItemProxy */;
		};
/* End PBXTargetDependency section */

/* Begin PBXVariantGroup section */
		4C08F0FC251A60610058485E /* LaunchScreen.storyboard */ = {
			isa = PBXVariantGroup;
			children = (
				4C08F0FD251A60610058485E /* Base */,
			);
			name = LaunchScreen.storyboard;
			sourceTree = "<group>";
		};
/* End PBXVariantGroup section */

/* Begin XCBuildConfiguration section */
		4C08F116251A60610058485E /* Debug */ = {
			isa = XCBuildConfiguration;
			buildSettings = {
				ALWAYS_SEARCH_USER_PATHS = NO;
				CLANG_ANALYZER_NONNULL = YES;
				CLANG_ANALYZER_NUMBER_OBJECT_CONVERSION = YES_AGGRESSIVE;
				CLANG_CXX_LANGUAGE_STANDARD = "gnu++14";
				CLANG_CXX_LIBRARY = "libc++";
				CLANG_ENABLE_MODULES = YES;
				CLANG_ENABLE_OBJC_ARC = YES;
				CLANG_ENABLE_OBJC_WEAK = YES;
				CLANG_WARN_BLOCK_CAPTURE_AUTORELEASING = YES;
				CLANG_WARN_BOOL_CONVERSION = YES;
				CLANG_WARN_COMMA = YES;
				CLANG_WARN_CONSTANT_CONVERSION = YES;
				CLANG_WARN_DEPRECATED_OBJC_IMPLEMENTATIONS = YES;
				CLANG_WARN_DIRECT_OBJC_ISA_USAGE = YES_ERROR;
				CLANG_WARN_DOCUMENTATION_COMMENTS = YES;
				CLANG_WARN_EMPTY_BODY = YES;
				CLANG_WARN_ENUM_CONVERSION = YES;
				CLANG_WARN_INFINITE_RECURSION = YES;
				CLANG_WARN_INT_CONVERSION = YES;
				CLANG_WARN_NON_LITERAL_NULL_CONVERSION = YES;
				CLANG_WARN_OBJC_IMPLICIT_RETAIN_SELF = YES;
				CLANG_WARN_OBJC_LITERAL_CONVERSION = YES;
				CLANG_WARN_OBJC_ROOT_CLASS = YES_ERROR;
				CLANG_WARN_QUOTED_INCLUDE_IN_FRAMEWORK_HEADER = YES;
				CLANG_WARN_RANGE_LOOP_ANALYSIS = YES;
				CLANG_WARN_STRICT_PROTOTYPES = YES;
				CLANG_WARN_SUSPICIOUS_MOVE = YES;
				CLANG_WARN_UNGUARDED_AVAILABILITY = YES_AGGRESSIVE;
				CLANG_WARN_UNREACHABLE_CODE = YES;
				CLANG_WARN__DUPLICATE_METHOD_MATCH = YES;
				COPY_PHASE_STRIP = NO;
				DEBUG_INFORMATION_FORMAT = dwarf;
				ENABLE_STRICT_OBJC_MSGSEND = YES;
				ENABLE_TESTABILITY = YES;
				GCC_C_LANGUAGE_STANDARD = gnu11;
				GCC_DYNAMIC_NO_PIC = NO;
				GCC_NO_COMMON_BLOCKS = YES;
				GCC_OPTIMIZATION_LEVEL = 0;
				GCC_PREPROCESSOR_DEFINITIONS = (
					"DEBUG=1",
					"$(inherited)",
				);
				GCC_WARN_64_TO_32_BIT_CONVERSION = YES;
				GCC_WARN_ABOUT_RETURN_TYPE = YES_ERROR;
				GCC_WARN_UNDECLARED_SELECTOR = YES;
				GCC_WARN_UNINITIALIZED_AUTOS = YES_AGGRESSIVE;
				GCC_WARN_UNUSED_FUNCTION = YES;
				GCC_WARN_UNUSED_VARIABLE = YES;
				IPHONEOS_DEPLOYMENT_TARGET = 14.0;
				MTL_ENABLE_DEBUG_INFO = INCLUDE_SOURCE;
				MTL_FAST_MATH = YES;
				ONLY_ACTIVE_ARCH = YES;
				SDKROOT = iphoneos;
				SWIFT_ACTIVE_COMPILATION_CONDITIONS = DEBUG;
				SWIFT_OPTIMIZATION_LEVEL = "-Onone";
			};
			name = Debug;
		};
		4C08F117251A60610058485E /* Release */ = {
			isa = XCBuildConfiguration;
			buildSettings = {
				ALWAYS_SEARCH_USER_PATHS = NO;
				CLANG_ANALYZER_NONNULL = YES;
				CLANG_ANALYZER_NUMBER_OBJECT_CONVERSION = YES_AGGRESSIVE;
				CLANG_CXX_LANGUAGE_STANDARD = "gnu++14";
				CLANG_CXX_LIBRARY = "libc++";
				CLANG_ENABLE_MODULES = YES;
				CLANG_ENABLE_OBJC_ARC = YES;
				CLANG_ENABLE_OBJC_WEAK = YES;
				CLANG_WARN_BLOCK_CAPTURE_AUTORELEASING = YES;
				CLANG_WARN_BOOL_CONVERSION = YES;
				CLANG_WARN_COMMA = YES;
				CLANG_WARN_CONSTANT_CONVERSION = YES;
				CLANG_WARN_DEPRECATED_OBJC_IMPLEMENTATIONS = YES;
				CLANG_WARN_DIRECT_OBJC_ISA_USAGE = YES_ERROR;
				CLANG_WARN_DOCUMENTATION_COMMENTS = YES;
				CLANG_WARN_EMPTY_BODY = YES;
				CLANG_WARN_ENUM_CONVERSION = YES;
				CLANG_WARN_INFINITE_RECURSION = YES;
				CLANG_WARN_INT_CONVERSION = YES;
				CLANG_WARN_NON_LITERAL_NULL_CONVERSION = YES;
				CLANG_WARN_OBJC_IMPLICIT_RETAIN_SELF = YES;
				CLANG_WARN_OBJC_LITERAL_CONVERSION = YES;
				CLANG_WARN_OBJC_ROOT_CLASS = YES_ERROR;
				CLANG_WARN_QUOTED_INCLUDE_IN_FRAMEWORK_HEADER = YES;
				CLANG_WARN_RANGE_LOOP_ANALYSIS = YES;
				CLANG_WARN_STRICT_PROTOTYPES = YES;
				CLANG_WARN_SUSPICIOUS_MOVE = YES;
				CLANG_WARN_UNGUARDED_AVAILABILITY = YES_AGGRESSIVE;
				CLANG_WARN_UNREACHABLE_CODE = YES;
				CLANG_WARN__DUPLICATE_METHOD_MATCH = YES;
				COPY_PHASE_STRIP = NO;
				DEBUG_INFORMATION_FORMAT = "dwarf-with-dsym";
				ENABLE_NS_ASSERTIONS = NO;
				ENABLE_STRICT_OBJC_MSGSEND = YES;
				GCC_C_LANGUAGE_STANDARD = gnu11;
				GCC_NO_COMMON_BLOCKS = YES;
				GCC_WARN_64_TO_32_BIT_CONVERSION = YES;
				GCC_WARN_ABOUT_RETURN_TYPE = YES_ERROR;
				GCC_WARN_UNDECLARED_SELECTOR = YES;
				GCC_WARN_UNINITIALIZED_AUTOS = YES_AGGRESSIVE;
				GCC_WARN_UNUSED_FUNCTION = YES;
				GCC_WARN_UNUSED_VARIABLE = YES;
				IPHONEOS_DEPLOYMENT_TARGET = 14.0;
				MTL_ENABLE_DEBUG_INFO = NO;
				MTL_FAST_MATH = YES;
				SDKROOT = iphoneos;
				SWIFT_COMPILATION_MODE = wholemodule;
				SWIFT_OPTIMIZATION_LEVEL = "-O";
				VALIDATE_PRODUCT = YES;
			};
			name = Release;
		};
		4C08F119251A60610058485E /* Debug */ = {
			isa = XCBuildConfiguration;
			baseConfigurationReference = 9B4CC1706C78F184B31EF7B9 /* Pods-Buffelist.debug.xcconfig */;
			buildSettings = {
				ASSETCATALOG_COMPILER_APPICON_NAME = AppIcon;
				ASSETCATALOG_COMPILER_GLOBAL_ACCENT_COLOR_NAME = AccentColor;
				CODE_SIGN_STYLE = Automatic;
				INFOPLIST_FILE = Buffelist/App/Info.plist;
				LD_RUNPATH_SEARCH_PATHS = (
					"$(inherited)",
					"@executable_path/Frameworks",
				);
				PRODUCT_BUNDLE_IDENTIFIER = com.ardonat.Buffelist.Buffelist;
				PRODUCT_NAME = "$(TARGET_NAME)";
				SWIFT_VERSION = 5.0;
				TARGETED_DEVICE_FAMILY = "1,2";
			};
			name = Debug;
		};
		4C08F11A251A60610058485E /* Release */ = {
			isa = XCBuildConfiguration;
			baseConfigurationReference = 20C09D58CAE690595638730A /* Pods-Buffelist.release.xcconfig */;
			buildSettings = {
				ASSETCATALOG_COMPILER_APPICON_NAME = AppIcon;
				ASSETCATALOG_COMPILER_GLOBAL_ACCENT_COLOR_NAME = AccentColor;
				CODE_SIGN_STYLE = Automatic;
				INFOPLIST_FILE = Buffelist/App/Info.plist;
				LD_RUNPATH_SEARCH_PATHS = (
					"$(inherited)",
					"@executable_path/Frameworks",
				);
				PRODUCT_BUNDLE_IDENTIFIER = com.ardonat.Buffelist.Buffelist;
				PRODUCT_NAME = "$(TARGET_NAME)";
				SWIFT_VERSION = 5.0;
				TARGETED_DEVICE_FAMILY = "1,2";
			};
			name = Release;
		};
		4C08F11C251A60610058485E /* Debug */ = {
			isa = XCBuildConfiguration;
			baseConfigurationReference = BFF662F6E7CD280196CBEF92 /* Pods-BuffelistTests.debug.xcconfig */;
			buildSettings = {
				ALWAYS_EMBED_SWIFT_STANDARD_LIBRARIES = YES;
				BUNDLE_LOADER = "$(TEST_HOST)";
				CODE_SIGN_STYLE = Automatic;
				INFOPLIST_FILE = BuffelistTests/Info.plist;
				IPHONEOS_DEPLOYMENT_TARGET = 14.0;
				LD_RUNPATH_SEARCH_PATHS = (
					"$(inherited)",
					"@executable_path/Frameworks",
					"@loader_path/Frameworks",
				);
				PRODUCT_BUNDLE_IDENTIFIER = com.ardonat.Buffelist.BuffelistTests;
				PRODUCT_NAME = "$(TARGET_NAME)";
				SWIFT_VERSION = 5.0;
				TARGETED_DEVICE_FAMILY = "1,2";
				TEST_HOST = "$(BUILT_PRODUCTS_DIR)/Buffelist.app/Buffelist";
			};
			name = Debug;
		};
		4C08F11D251A60610058485E /* Release */ = {
			isa = XCBuildConfiguration;
			baseConfigurationReference = A94F144AA50207E4BA9C1514 /* Pods-BuffelistTests.release.xcconfig */;
			buildSettings = {
				ALWAYS_EMBED_SWIFT_STANDARD_LIBRARIES = YES;
				BUNDLE_LOADER = "$(TEST_HOST)";
				CODE_SIGN_STYLE = Automatic;
				INFOPLIST_FILE = BuffelistTests/Info.plist;
				IPHONEOS_DEPLOYMENT_TARGET = 14.0;
				LD_RUNPATH_SEARCH_PATHS = (
					"$(inherited)",
					"@executable_path/Frameworks",
					"@loader_path/Frameworks",
				);
				PRODUCT_BUNDLE_IDENTIFIER = com.ardonat.Buffelist.BuffelistTests;
				PRODUCT_NAME = "$(TARGET_NAME)";
				SWIFT_VERSION = 5.0;
				TARGETED_DEVICE_FAMILY = "1,2";
				TEST_HOST = "$(BUILT_PRODUCTS_DIR)/Buffelist.app/Buffelist";
			};
			name = Release;
		};
		4C08F11F251A60610058485E /* Debug */ = {
			isa = XCBuildConfiguration;
			baseConfigurationReference = 4FE3989A635DBC1A2B10E58B /* Pods-Buffelist-BuffelistUITests.debug.xcconfig */;
			buildSettings = {
				ALWAYS_EMBED_SWIFT_STANDARD_LIBRARIES = YES;
				CODE_SIGN_STYLE = Automatic;
				INFOPLIST_FILE = BuffelistUITests/Info.plist;
				LD_RUNPATH_SEARCH_PATHS = (
					"$(inherited)",
					"@executable_path/Frameworks",
					"@loader_path/Frameworks",
				);
				PRODUCT_BUNDLE_IDENTIFIER = com.ardonat.Buffelist.BuffelistUITests;
				PRODUCT_NAME = "$(TARGET_NAME)";
				SWIFT_VERSION = 5.0;
				TARGETED_DEVICE_FAMILY = "1,2";
				TEST_TARGET_NAME = Buffelist;
			};
			name = Debug;
		};
		4C08F120251A60610058485E /* Release */ = {
			isa = XCBuildConfiguration;
			baseConfigurationReference = 984AB530B0599C2E4D83230C /* Pods-Buffelist-BuffelistUITests.release.xcconfig */;
			buildSettings = {
				ALWAYS_EMBED_SWIFT_STANDARD_LIBRARIES = YES;
				CODE_SIGN_STYLE = Automatic;
				INFOPLIST_FILE = BuffelistUITests/Info.plist;
				LD_RUNPATH_SEARCH_PATHS = (
					"$(inherited)",
					"@executable_path/Frameworks",
					"@loader_path/Frameworks",
				);
				PRODUCT_BUNDLE_IDENTIFIER = com.ardonat.Buffelist.BuffelistUITests;
				PRODUCT_NAME = "$(TARGET_NAME)";
				SWIFT_VERSION = 5.0;
				TARGETED_DEVICE_FAMILY = "1,2";
				TEST_TARGET_NAME = Buffelist;
			};
			name = Release;
		};
/* End XCBuildConfiguration section */

/* Begin XCConfigurationList section */
		4C08F0E9251A60600058485E /* Build configuration list for PBXProject "Buffelist" */ = {
			isa = XCConfigurationList;
			buildConfigurations = (
				4C08F116251A60610058485E /* Debug */,
				4C08F117251A60610058485E /* Release */,
			);
			defaultConfigurationIsVisible = 0;
			defaultConfigurationName = Release;
		};
		4C08F118251A60610058485E /* Build configuration list for PBXNativeTarget "Buffelist" */ = {
			isa = XCConfigurationList;
			buildConfigurations = (
				4C08F119251A60610058485E /* Debug */,
				4C08F11A251A60610058485E /* Release */,
			);
			defaultConfigurationIsVisible = 0;
			defaultConfigurationName = Release;
		};
		4C08F11B251A60610058485E /* Build configuration list for PBXNativeTarget "BuffelistTests" */ = {
			isa = XCConfigurationList;
			buildConfigurations = (
				4C08F11C251A60610058485E /* Debug */,
				4C08F11D251A60610058485E /* Release */,
			);
			defaultConfigurationIsVisible = 0;
			defaultConfigurationName = Release;
		};
		4C08F11E251A60610058485E /* Build configuration list for PBXNativeTarget "BuffelistUITests" */ = {
			isa = XCConfigurationList;
			buildConfigurations = (
				4C08F11F251A60610058485E /* Debug */,
				4C08F120251A60610058485E /* Release */,
			);
			defaultConfigurationIsVisible = 0;
			defaultConfigurationName = Release;
		};
/* End XCConfigurationList section */
	};
	rootObject = 4C08F0E6251A60600058485E /* Project object */;
}
